
Microsoft Visual Studio Solution File, Format Version 12.00
# Visual Studio 15
VisualStudioVersion = 15.0.28307.1972
MinimumVisualStudioVersion = 10.0.40219.1
Project("{8BC9CEB8-8B4A-11D0-8D11-00A0C91BC942}") = "DirectX11TestProject", "DirectX11TestProject\DirectX11TestProject.vcxproj", "{06475DD6-D9B8-49A6-A887-58409E10CA21}"
EndProject
Global
	GlobalSection(SolutionConfigurationPlatforms) = preSolution
		Debug|x64 = Debug|x64
		Debug|x86 = Debug|x86
		Release|x64 = Release|x64
		Release|x86 = Release|x86
	EndGlobalSection
	GlobalSection(ProjectConfigurationPlatforms) = postSolution
		{06475DD6-D9B8-49A6-A887-58409E10CA21}.Debug|x64.ActiveCfg = Debug|x64
		{06475DD6-D9B8-49A6-A887-58409E10CA21}.Debug|x64.Build.0 = Debug|x64
		{06475DD6-D9B8-49A6-A887-58409E10CA21}.Debug|x86.ActiveCfg = Debug|Win32
		{06475DD6-D9B8-49A6-A887-58409E10CA21}.Debug|x86.Build.0 = Debug|Win32
		{06475DD6-D9B8-49A6-A887-58409E10CA21}.Release|x64.ActiveCfg = Release|x64
		{06475DD6-D9B8-49A6-A887-58409E10CA21}.Release|x64.Build.0 = Release|x64
		{06475DD6-D9B8-49A6-A887-58409E10CA21}.Release|x86.ActiveCfg = Release|Win32
		{06475DD6-D9B8-49A6-A887-58409E10CA21}.Release|x86.Build.0 = Release|Win32
	EndGlobalSection
	GlobalSection(SolutionProperties) = preSolution
		HideSolutionNode = FALSE
	EndGlobalSection
	GlobalSection(ExtensibilityGlobals) = postSolution
		SolutionGuid = {944BFE83-A47A-4312-AD5C-3DA987E1A5E5}
	EndGlobalSection
EndGlobal
